
Microsoft Visual Studio Solution File, Format Version 11.00
# Visual Studio 2010
Project("{2150E333-8FDC-42A3-9474-1A3956D46DE8}") = "Test", "Test", "{AA7E5684-E073-4975-8A45-0197F2BDF169}"
EndProject
Project("{FAE04EC0-301F-11D3-BF4B-00C04F79EFBC}") = "NativeWindows", "NativeWindows\NativeWindows.csproj", "{07E072C4-5C34-4302-AC27-E73F3B9B212C}"
EndProject
Project("{2150E333-8FDC-42A3-9474-1A3956D46DE8}") = "Demo", "Demo", "{1832BB7F-27D7-48CA-A127-88B9EDA60441}"
EndProject
Project("{FAE04EC0-301F-11D3-BF4B-00C04F79EFBC}") = "JobObjectIntegrationTests", "Tests\JobObjectTests\JobObjectIntegrationTests.csproj", "{D480B55F-AD50-4104-9D56-12237C489B78}"
EndProject
Project("{FAE04EC0-301F-11D3-BF4B-00C04F79EFBC}") = "TestProgramMemoryUsage", "Tests\TestProgramMemoryUsage\TestProgramMemoryUsage.csproj", "{C497A7C6-C5EE-4DE1-9D9A-0DED14C8474C}"
EndProject
Project("{FAE04EC0-301F-11D3-BF4B-00C04F79EFBC}") = "TestProgramWhileTrue", "Tests\TestProgramWhileTrue\TestProgramWhileTrue.csproj", "{027D490D-D49C-40FC-A9F9-672AFB90E8FB}"
EndProject
Project("{FAE04EC0-301F-11D3-BF4B-00C04F79EFBC}") = "JobObjectDemoProgram", "Demo\JobObjectDemoProgram\JobObjectDemoProgram.csproj", "{D4F6EA51-CF1B-4ABF-9AE9-85B35A5286A6}"
EndProject
Global
	GlobalSection(SolutionConfigurationPlatforms) = preSolution
		Debug|Any CPU = Debug|Any CPU
		Release|Any CPU = Release|Any CPU
	EndGlobalSection
	GlobalSection(ProjectConfigurationPlatforms) = postSolution
		{07E072C4-5C34-4302-AC27-E73F3B9B212C}.Debug|Any CPU.ActiveCfg = Debug|Any CPU
		{07E072C4-5C34-4302-AC27-E73F3B9B212C}.Debug|Any CPU.Build.0 = Debug|Any CPU
		{07E072C4-5C34-4302-AC27-E73F3B9B212C}.Release|Any CPU.ActiveCfg = Release|Any CPU
		{07E072C4-5C34-4302-AC27-E73F3B9B212C}.Release|Any CPU.Build.0 = Release|Any CPU
		{D480B55F-AD50-4104-9D56-12237C489B78}.Debug|Any CPU.ActiveCfg = Debug|Any CPU
		{D480B55F-AD50-4104-9D56-12237C489B78}.Debug|Any CPU.Build.0 = Debug|Any CPU
		{D480B55F-AD50-4104-9D56-12237C489B78}.Release|Any CPU.ActiveCfg = Release|Any CPU
		{D480B55F-AD50-4104-9D56-12237C489B78}.Release|Any CPU.Build.0 = Release|Any CPU
		{C497A7C6-C5EE-4DE1-9D9A-0DED14C8474C}.Debug|Any CPU.ActiveCfg = Debug|Any CPU
		{C497A7C6-C5EE-4DE1-9D9A-0DED14C8474C}.Debug|Any CPU.Build.0 = Debug|Any CPU
		{C497A7C6-C5EE-4DE1-9D9A-0DED14C8474C}.Release|Any CPU.ActiveCfg = Release|Any CPU
		{C497A7C6-C5EE-4DE1-9D9A-0DED14C8474C}.Release|Any CPU.Build.0 = Release|Any CPU
		{027D490D-D49C-40FC-A9F9-672AFB90E8FB}.Debug|Any CPU.ActiveCfg = Debug|Any CPU
		{027D490D-D49C-40FC-A9F9-672AFB90E8FB}.Debug|Any CPU.Build.0 = Debug|Any CPU
		{027D490D-D49C-40FC-A9F9-672AFB90E8FB}.Release|Any CPU.ActiveCfg = Release|Any CPU
		{027D490D-D49C-40FC-A9F9-672AFB90E8FB}.Release|Any CPU.Build.0 = Release|Any CPU
		{D4F6EA51-CF1B-4ABF-9AE9-85B35A5286A6}.Debug|Any CPU.ActiveCfg = Debug|Any CPU
		{D4F6EA51-CF1B-4ABF-9AE9-85B35A5286A6}.Debug|Any CPU.Build.0 = Debug|Any CPU
		{D4F6EA51-CF1B-4ABF-9AE9-85B35A5286A6}.Release|Any CPU.ActiveCfg = Release|Any CPU
		{D4F6EA51-CF1B-4ABF-9AE9-85B35A5286A6}.Release|Any CPU.Build.0 = Release|Any CPU
	EndGlobalSection
	GlobalSection(SolutionProperties) = preSolution
		HideSolutionNode = FALSE
	EndGlobalSection
	GlobalSection(NestedProjects) = preSolution
		{D480B55F-AD50-4104-9D56-12237C489B78} = {AA7E5684-E073-4975-8A45-0197F2BDF169}
		{C497A7C6-C5EE-4DE1-9D9A-0DED14C8474C} = {AA7E5684-E073-4975-8A45-0197F2BDF169}
		{027D490D-D49C-40FC-A9F9-672AFB90E8FB} = {AA7E5684-E073-4975-8A45-0197F2BDF169}
		{D4F6EA51-CF1B-4ABF-9AE9-85B35A5286A6} = {1832BB7F-27D7-48CA-A127-88B9EDA60441}
	EndGlobalSection
EndGlobal
